
Microsoft Visual Studio Solution File, Format Version 12.00
# Visual Studio Version 17
VisualStudioVersion = 17.0.31912.275
MinimumVisualStudioVersion = 10.0.40219.1
Project("{9A19103F-16F7-4668-BE54-9A1E7A4F7556}") = "ConsoleApp", "ConsoleApp\ConsoleApp.csproj", "{F02E6C74-1AB0-4523-B4EB-748B0416ECB5}"
EndProject
Project("{9A19103F-16F7-4668-BE54-9A1E7A4F7556}") = "DataLayer", "DataLayer\DataLayer.csproj", "{8FB0655C-2D5A-4334-88DE-E75F347E72B1}"
EndProject
Project("{9A19103F-16F7-4668-BE54-9A1E7A4F7556}") = "BackendTests", "TestProject1\BackendTests.csproj", "{D8D152D5-94CA-4775-8864-47A64A85B2E3}"
EndProject
Project("{9A19103F-16F7-4668-BE54-9A1E7A4F7556}") = "CustomerClient", "CustomerClient\CustomerClient\CustomerClient.csproj", "{EE6D4530-4A4A-4819-8CF1-360B584E2FE7}"
EndProject
Global
	GlobalSection(SolutionConfigurationPlatforms) = preSolution
		Debug|Any CPU = Debug|Any CPU
		Release|Any CPU = Release|Any CPU
	EndGlobalSection
	GlobalSection(ProjectConfigurationPlatforms) = postSolution
		{F02E6C74-1AB0-4523-B4EB-748B0416ECB5}.Debug|Any CPU.ActiveCfg = Debug|Any CPU
		{F02E6C74-1AB0-4523-B4EB-748B0416ECB5}.Debug|Any CPU.Build.0 = Debug|Any CPU
		{F02E6C74-1AB0-4523-B4EB-748B0416ECB5}.Release|Any CPU.ActiveCfg = Release|Any CPU
		{F02E6C74-1AB0-4523-B4EB-748B0416ECB5}.Release|Any CPU.Build.0 = Release|Any CPU
		{8FB0655C-2D5A-4334-88DE-E75F347E72B1}.Debug|Any CPU.ActiveCfg = Debug|Any CPU
		{8FB0655C-2D5A-4334-88DE-E75F347E72B1}.Debug|Any CPU.Build.0 = Debug|Any CPU
		{8FB0655C-2D5A-4334-88DE-E75F347E72B1}.Release|Any CPU.ActiveCfg = Release|Any CPU
		{8FB0655C-2D5A-4334-88DE-E75F347E72B1}.Release|Any CPU.Build.0 = Release|Any CPU
		{D8D152D5-94CA-4775-8864-47A64A85B2E3}.Debug|Any CPU.ActiveCfg = Debug|Any CPU
		{D8D152D5-94CA-4775-8864-47A64A85B2E3}.Debug|Any CPU.Build.0 = Debug|Any CPU
		{D8D152D5-94CA-4775-8864-47A64A85B2E3}.Release|Any CPU.ActiveCfg = Release|Any CPU
		{D8D152D5-94CA-4775-8864-47A64A85B2E3}.Release|Any CPU.Build.0 = Release|Any CPU
		{EE6D4530-4A4A-4819-8CF1-360B584E2FE7}.Debug|Any CPU.ActiveCfg = Debug|Any CPU
		{EE6D4530-4A4A-4819-8CF1-360B584E2FE7}.Debug|Any CPU.Build.0 = Debug|Any CPU
		{EE6D4530-4A4A-4819-8CF1-360B584E2FE7}.Release|Any CPU.ActiveCfg = Release|Any CPU
		{EE6D4530-4A4A-4819-8CF1-360B584E2FE7}.Release|Any CPU.Build.0 = Release|Any CPU
	EndGlobalSection
	GlobalSection(SolutionProperties) = preSolution
		HideSolutionNode = FALSE
	EndGlobalSection
	GlobalSection(ExtensibilityGlobals) = postSolution
		SolutionGuid = {EBC8A441-DA2F-47A9-BF3F-ECF132FAA92B}
	EndGlobalSection
EndGlobal
